
Microsoft Visual Studio Solution File, Format Version 12.00
# Visual Studio 14
VisualStudioVersion = 14.0.24720.0
MinimumVisualStudioVersion = 10.0.40219.1
Project("{FAE04EC0-301F-11D3-BF4B-00C04F79EFBC}") = "XLargeImage.Droid", "XLargeImage\XLargeImage.Droid\XLargeImage.Droid.csproj", "{DC578AD6-E5FD-413E-B504-7B77F6F3C48D}"
EndProject
Project("{FAE04EC0-301F-11D3-BF4B-00C04F79EFBC}") = "XLargeImage.iOS", "XLargeImage\XLargeImage.iOS\XLargeImage.iOS.csproj", "{897586CC-B047-4B79-A15B-6027502A9C97}"
EndProject
Project("{FAE04EC0-301F-11D3-BF4B-00C04F79EFBC}") = "XLargeImage", "XLargeImage\XLargeImage\XLargeImage.csproj", "{7B6A5EC1-1740-4366-9FD0-B8C125840FD6}"
EndProject
Project("{FAE04EC0-301F-11D3-BF4B-00C04F79EFBC}") = "XLargeImage.UWP", "XLargeImage\XLargeImage.UWP\XLargeImage.UWP.csproj", "{CD1FF0B3-7E21-462B-9302-15E84996D9F9}"
EndProject
Global
	GlobalSection(SolutionConfigurationPlatforms) = preSolution
		Ad-Hoc|Any CPU = Ad-Hoc|Any CPU
		Ad-Hoc|ARM = Ad-Hoc|ARM
		Ad-Hoc|iPhone = Ad-Hoc|iPhone
		Ad-Hoc|iPhoneSimulator = Ad-Hoc|iPhoneSimulator
		Ad-Hoc|x64 = Ad-Hoc|x64
		Ad-Hoc|x86 = Ad-Hoc|x86
		AppStore|Any CPU = AppStore|Any CPU
		AppStore|ARM = AppStore|ARM
		AppStore|iPhone = AppStore|iPhone
		AppStore|iPhoneSimulator = AppStore|iPhoneSimulator
		AppStore|x64 = AppStore|x64
		AppStore|x86 = AppStore|x86
		Debug|Any CPU = Debug|Any CPU
		Debug|ARM = Debug|ARM
		Debug|iPhone = Debug|iPhone
		Debug|iPhoneSimulator = Debug|iPhoneSimulator
		Debug|x64 = Debug|x64
		Debug|x86 = Debug|x86
		Release|Any CPU = Release|Any CPU
		Release|ARM = Release|ARM
		Release|iPhone = Release|iPhone
		Release|iPhoneSimulator = Release|iPhoneSimulator
		Release|x64 = Release|x64
		Release|x86 = Release|x86
	EndGlobalSection
	GlobalSection(ProjectConfigurationPlatforms) = postSolution
		{DC578AD6-E5FD-413E-B504-7B77F6F3C48D}.Ad-Hoc|Any CPU.ActiveCfg = Release|Any CPU
		{DC578AD6-E5FD-413E-B504-7B77F6F3C48D}.Ad-Hoc|Any CPU.Build.0 = Release|Any CPU
		{DC578AD6-E5FD-413E-B504-7B77F6F3C48D}.Ad-Hoc|Any CPU.Deploy.0 = Release|Any CPU
		{DC578AD6-E5FD-413E-B504-7B77F6F3C48D}.Ad-Hoc|ARM.ActiveCfg = Release|Any CPU
		{DC578AD6-E5FD-413E-B504-7B77F6F3C48D}.Ad-Hoc|ARM.Build.0 = Release|Any CPU
		{DC578AD6-E5FD-413E-B504-7B77F6F3C48D}.Ad-Hoc|ARM.Deploy.0 = Release|Any CPU
		{DC578AD6-E5FD-413E-B504-7B77F6F3C48D}.Ad-Hoc|iPhone.ActiveCfg = Release|Any CPU
		{DC578AD6-E5FD-413E-B504-7B77F6F3C48D}.Ad-Hoc|iPhone.Build.0 = Release|Any CPU
		{DC578AD6-E5FD-413E-B504-7B77F6F3C48D}.Ad-Hoc|iPhone.Deploy.0 = Release|Any CPU
		{DC578AD6-E5FD-413E-B504-7B77F6F3C48D}.Ad-Hoc|iPhoneSimulator.ActiveCfg = Release|Any CPU
		{DC578AD6-E5FD-413E-B504-7B77F6F3C48D}.Ad-Hoc|iPhoneSimulator.Build.0 = Release|Any CPU
		{DC578AD6-E5FD-413E-B504-7B77F6F3C48D}.Ad-Hoc|iPhoneSimulator.Deploy.0 = Release|Any CPU
		{DC578AD6-E5FD-413E-B504-7B77F6F3C48D}.Ad-Hoc|x64.ActiveCfg = Release|Any CPU
		{DC578AD6-E5FD-413E-B504-7B77F6F3C48D}.Ad-Hoc|x64.Build.0 = Release|Any CPU
		{DC578AD6-E5FD-413E-B504-7B77F6F3C48D}.Ad-Hoc|x64.Deploy.0 = Release|Any CPU
		{DC578AD6-E5FD-413E-B504-7B77F6F3C48D}.Ad-Hoc|x86.ActiveCfg = Release|Any CPU
		{DC578AD6-E5FD-413E-B504-7B77F6F3C48D}.Ad-Hoc|x86.Build.0 = Release|Any CPU
		{DC578AD6-E5FD-413E-B504-7B77F6F3C48D}.Ad-Hoc|x86.Deploy.0 = Release|Any CPU
		{DC578AD6-E5FD-413E-B504-7B77F6F3C48D}.AppStore|Any CPU.ActiveCfg = Release|Any CPU
		{DC578AD6-E5FD-413E-B504-7B77F6F3C48D}.AppStore|Any CPU.Build.0 = Release|Any CPU
		{DC578AD6-E5FD-413E-B504-7B77F6F3C48D}.AppStore|Any CPU.Deploy.0 = Release|Any CPU
		{DC578AD6-E5FD-413E-B504-7B77F6F3C48D}.AppStore|ARM.ActiveCfg = Release|Any CPU
		{DC578AD6-E5FD-413E-B504-7B77F6F3C48D}.AppStore|ARM.Build.0 = Release|Any CPU
		{DC578AD6-E5FD-413E-B504-7B77F6F3C48D}.AppStore|ARM.Deploy.0 = Release|Any CPU
		{DC578AD6-E5FD-413E-B504-7B77F6F3C48D}.AppStore|iPhone.ActiveCfg = Release|Any CPU
		{DC578AD6-E5FD-413E-B504-7B77F6F3C48D}.AppStore|iPhone.Build.0 = Release|Any CPU
		{DC578AD6-E5FD-413E-B504-7B77F6F3C48D}.AppStore|iPhone.Deploy.0 = Release|Any CPU
		{DC578AD6-E5FD-413E-B504-7B77F6F3C48D}.AppStore|iPhoneSimulator.ActiveCfg = Release|Any CPU
		{DC578AD6-E5FD-413E-B504-7B77F6F3C48D}.AppStore|iPhoneSimulator.Build.0 = Release|Any CPU
		{DC578AD6-E5FD-413E-B504-7B77F6F3C48D}.AppStore|iPhoneSimulator.Deploy.0 = Release|Any CPU
		{DC578AD6-E5FD-413E-B504-7B77F6F3C48D}.AppStore|x64.ActiveCfg = Release|Any CPU
		{DC578AD6-E5FD-413E-B504-7B77F6F3C48D}.AppStore|x64.Build.0 = Release|Any CPU
		{DC578AD6-E5FD-413E-B504-7B77F6F3C48D}.AppStore|x64.Deploy.0 = Release|Any CPU
		{DC578AD6-E5FD-413E-B504-7B77F6F3C48D}.AppStore|x86.ActiveCfg = Release|Any CPU
		{DC578AD6-E5FD-413E-B504-7B77F6F3C48D}.AppStore|x86.Build.0 = Release|Any CPU
		{DC578AD6-E5FD-413E-B504-7B77F6F3C48D}.AppStore|x86.Deploy.0 = Release|Any CPU
		{DC578AD6-E5FD-413E-B504-7B77F6F3C48D}.Debug|Any CPU.ActiveCfg = Debug|Any CPU
		{DC578AD6-E5FD-413E-B504-7B77F6F3C48D}.Debug|Any CPU.Build.0 = Debug|Any CPU
		{DC578AD6-E5FD-413E-B504-7B77F6F3C48D}.Debug|Any CPU.Deploy.0 = Debug|Any CPU
		{DC578AD6-E5FD-413E-B504-7B77F6F3C48D}.Debug|ARM.ActiveCfg = Debug|Any CPU
		{DC578AD6-E5FD-413E-B504-7B77F6F3C48D}.Debug|ARM.Build.0 = Debug|Any CPU
		{DC578AD6-E5FD-413E-B504-7B77F6F3C48D}.Debug|ARM.Deploy.0 = Debug|Any CPU
		{DC578AD6-E5FD-413E-B504-7B77F6F3C48D}.Debug|iPhone.ActiveCfg = Debug|Any CPU
		{DC578AD6-E5FD-413E-B504-7B77F6F3C48D}.Debug|iPhone.Build.0 = Debug|Any CPU
		{DC578AD6-E5FD-413E-B504-7B77F6F3C48D}.Debug|iPhone.Deploy.0 = Debug|Any CPU
		{DC578AD6-E5FD-413E-B504-7B77F6F3C48D}.Debug|iPhoneSimulator.ActiveCfg = Debug|Any CPU
		{DC578AD6-E5FD-413E-B504-7B77F6F3C48D}.Debug|iPhoneSimulator.Build.0 = Debug|Any CPU
		{DC578AD6-E5FD-413E-B504-7B77F6F3C48D}.Debug|iPhoneSimulator.Deploy.0 = Debug|Any CPU
		{DC578AD6-E5FD-413E-B504-7B77F6F3C48D}.Debug|x64.ActiveCfg = Debug|Any CPU
		{DC578AD6-E5FD-413E-B504-7B77F6F3C48D}.Debug|x64.Build.0 = Debug|Any CPU
		{DC578AD6-E5FD-413E-B504-7B77F6F3C48D}.Debug|x64.Deploy.0 = Debug|Any CPU
		{DC578AD6-E5FD-413E-B504-7B77F6F3C48D}.Debug|x86.ActiveCfg = Debug|Any CPU
		{DC578AD6-E5FD-413E-B504-7B77F6F3C48D}.Debug|x86.Build.0 = Debug|Any CPU
		{DC578AD6-E5FD-413E-B504-7B77F6F3C48D}.Debug|x86.Deploy.0 = Debug|Any CPU
		{DC578AD6-E5FD-413E-B504-7B77F6F3C48D}.Release|Any CPU.ActiveCfg = Release|Any CPU
		{DC578AD6-E5FD-413E-B504-7B77F6F3C48D}.Release|Any CPU.Build.0 = Release|Any CPU
		{DC578AD6-E5FD-413E-B504-7B77F6F3C48D}.Release|Any CPU.Deploy.0 = Release|Any CPU
		{DC578AD6-E5FD-413E-B504-7B77F6F3C48D}.Release|ARM.ActiveCfg = Release|Any CPU
		{DC578AD6-E5FD-413E-B504-7B77F6F3C48D}.Release|ARM.Build.0 = Release|Any CPU
		{DC578AD6-E5FD-413E-B504-7B77F6F3C48D}.Release|ARM.Deploy.0 = Release|Any CPU
		{DC578AD6-E5FD-413E-B504-7B77F6F3C48D}.Release|iPhone.ActiveCfg = Release|Any CPU
		{DC578AD6-E5FD-413E-B504-7B77F6F3C48D}.Release|iPhone.Build.0 = Release|Any CPU
		{DC578AD6-E5FD-413E-B504-7B77F6F3C48D}.Release|iPhone.Deploy.0 = Release|Any CPU
		{DC578AD6-E5FD-413E-B504-7B77F6F3C48D}.Release|iPhoneSimulator.ActiveCfg = Release|Any CPU
		{DC578AD6-E5FD-413E-B504-7B77F6F3C48D}.Release|iPhoneSimulator.Build.0 = Release|Any CPU
		{DC578AD6-E5FD-413E-B504-7B77F6F3C48D}.Release|iPhoneSimulator.Deploy.0 = Release|Any CPU
		{DC578AD6-E5FD-413E-B504-7B77F6F3C48D}.Release|x64.ActiveCfg = Release|Any CPU
		{DC578AD6-E5FD-413E-B504-7B77F6F3C48D}.Release|x64.Build.0 = Release|Any CPU
		{DC578AD6-E5FD-413E-B504-7B77F6F3C48D}.Release|x64.Deploy.0 = Release|Any CPU
		{DC578AD6-E5FD-413E-B504-7B77F6F3C48D}.Release|x86.ActiveCfg = Release|Any CPU
		{DC578AD6-E5FD-413E-B504-7B77F6F3C48D}.Release|x86.Build.0 = Release|Any CPU
		{DC578AD6-E5FD-413E-B504-7B77F6F3C48D}.Release|x86.Deploy.0 = Release|Any CPU
		{897586CC-B047-4B79-A15B-6027502A9C97}.Ad-Hoc|Any CPU.ActiveCfg = Ad-Hoc|iPhone
		{897586CC-B047-4B79-A15B-6027502A9C97}.Ad-Hoc|ARM.ActiveCfg = Ad-Hoc|iPhone
		{897586CC-B047-4B79-A15B-6027502A9C97}.Ad-Hoc|iPhone.ActiveCfg = Ad-Hoc|iPhone
		{897586CC-B047-4B79-A15B-6027502A9C97}.Ad-Hoc|iPhone.Build.0 = Ad-Hoc|iPhone
		{897586CC-B047-4B79-A15B-6027502A9C97}.Ad-Hoc|iPhoneSimulator.ActiveCfg = Ad-Hoc|iPhoneSimulator
		{897586CC-B047-4B79-A15B-6027502A9C97}.Ad-Hoc|iPhoneSimulator.Build.0 = Ad-Hoc|iPhoneSimulator
		{897586CC-B047-4B79-A15B-6027502A9C97}.Ad-Hoc|x64.ActiveCfg = Ad-Hoc|iPhone
		{897586CC-B047-4B79-A15B-6027502A9C97}.Ad-Hoc|x86.ActiveCfg = Ad-Hoc|iPhone
		{897586CC-B047-4B79-A15B-6027502A9C97}.AppStore|Any CPU.ActiveCfg = AppStore|iPhone
		{897586CC-B047-4B79-A15B-6027502A9C97}.AppStore|ARM.ActiveCfg = AppStore|iPhone
		{897586CC-B047-4B79-A15B-6027502A9C97}.AppStore|iPhone.ActiveCfg = AppStore|iPhone
		{897586CC-B047-4B79-A15B-6027502A9C97}.AppStore|iPhone.Build.0 = AppStore|iPhone
		{897586CC-B047-4B79-A15B-6027502A9C97}.AppStore|iPhoneSimulator.ActiveCfg = AppStore|iPhoneSimulator
		{897586CC-B047-4B79-A15B-6027502A9C97}.AppStore|iPhoneSimulator.Build.0 = AppStore|iPhoneSimulator
		{897586CC-B047-4B79-A15B-6027502A9C97}.AppStore|x64.ActiveCfg = AppStore|iPhone
		{897586CC-B047-4B79-A15B-6027502A9C97}.AppStore|x86.ActiveCfg = AppStore|iPhone
		{897586CC-B047-4B79-A15B-6027502A9C97}.Debug|Any CPU.ActiveCfg = Debug|iPhone
		{897586CC-B047-4B79-A15B-6027502A9C97}.Debug|Any CPU.Build.0 = Debug|iPhone
		{897586CC-B047-4B79-A15B-6027502A9C97}.Debug|ARM.ActiveCfg = Debug|iPhone
		{897586CC-B047-4B79-A15B-6027502A9C97}.Debug|iPhone.ActiveCfg = Debug|iPhone
		{897586CC-B047-4B79-A15B-6027502A9C97}.Debug|iPhone.Build.0 = Debug|iPhone
		{897586CC-B047-4B79-A15B-6027502A9C97}.Debug|iPhoneSimulator.ActiveCfg = Debug|iPhoneSimulator
		{897586CC-B047-4B79-A15B-6027502A9C97}.Debug|iPhoneSimulator.Build.0 = Debug|iPhoneSimulator
		{897586CC-B047-4B79-A15B-6027502A9C97}.Debug|x64.ActiveCfg = Debug|iPhone
		{897586CC-B047-4B79-A15B-6027502A9C97}.Debug|x86.ActiveCfg = Debug|iPhone
		{897586CC-B047-4B79-A15B-6027502A9C97}.Release|Any CPU.ActiveCfg = Release|iPhone
		{897586CC-B047-4B79-A15B-6027502A9C97}.Release|ARM.ActiveCfg = Release|iPhone
		{897586CC-B047-4B79-A15B-6027502A9C97}.Release|iPhone.ActiveCfg = Release|iPhone
		{897586CC-B047-4B79-A15B-6027502A9C97}.Release|iPhone.Build.0 = Release|iPhone
		{897586CC-B047-4B79-A15B-6027502A9C97}.Release|iPhoneSimulator.ActiveCfg = Release|iPhoneSimulator
		{897586CC-B047-4B79-A15B-6027502A9C97}.Release|iPhoneSimulator.Build.0 = Release|iPhoneSimulator
		{897586CC-B047-4B79-A15B-6027502A9C97}.Release|x64.ActiveCfg = Release|iPhone
		{897586CC-B047-4B79-A15B-6027502A9C97}.Release|x86.ActiveCfg = Release|iPhone
		{7B6A5EC1-1740-4366-9FD0-B8C125840FD6}.Ad-Hoc|Any CPU.ActiveCfg = Release|Any CPU
		{7B6A5EC1-1740-4366-9FD0-B8C125840FD6}.Ad-Hoc|Any CPU.Build.0 = Release|Any CPU
		{7B6A5EC1-1740-4366-9FD0-B8C125840FD6}.Ad-Hoc|ARM.ActiveCfg = Release|Any CPU
		{7B6A5EC1-1740-4366-9FD0-B8C125840FD6}.Ad-Hoc|ARM.Build.0 = Release|Any CPU
		{7B6A5EC1-1740-4366-9FD0-B8C125840FD6}.Ad-Hoc|iPhone.ActiveCfg = Release|Any CPU
		{7B6A5EC1-1740-4366-9FD0-B8C125840FD6}.Ad-Hoc|iPhone.Build.0 = Release|Any CPU
		{7B6A5EC1-1740-4366-9FD0-B8C125840FD6}.Ad-Hoc|iPhoneSimulator.ActiveCfg = Release|Any CPU
		{7B6A5EC1-1740-4366-9FD0-B8C125840FD6}.Ad-Hoc|iPhoneSimulator.Build.0 = Release|Any CPU
		{7B6A5EC1-1740-4366-9FD0-B8C125840FD6}.Ad-Hoc|x64.ActiveCfg = Release|Any CPU
		{7B6A5EC1-1740-4366-9FD0-B8C125840FD6}.Ad-Hoc|x64.Build.0 = Release|Any CPU
		{7B6A5EC1-1740-4366-9FD0-B8C125840FD6}.Ad-Hoc|x86.ActiveCfg = Release|Any CPU
		{7B6A5EC1-1740-4366-9FD0-B8C125840FD6}.Ad-Hoc|x86.Build.0 = Release|Any CPU
		{7B6A5EC1-1740-4366-9FD0-B8C125840FD6}.AppStore|Any CPU.ActiveCfg = Release|Any CPU
		{7B6A5EC1-1740-4366-9FD0-B8C125840FD6}.AppStore|Any CPU.Build.0 = Release|Any CPU
		{7B6A5EC1-1740-4366-9FD0-B8C125840FD6}.AppStore|ARM.ActiveCfg = Release|Any CPU
		{7B6A5EC1-1740-4366-9FD0-B8C125840FD6}.AppStore|ARM.Build.0 = Release|Any CPU
		{7B6A5EC1-1740-4366-9FD0-B8C125840FD6}.AppStore|iPhone.ActiveCfg = Release|Any CPU
		{7B6A5EC1-1740-4366-9FD0-B8C125840FD6}.AppStore|iPhone.Build.0 = Release|Any CPU
		{7B6A5EC1-1740-4366-9FD0-B8C125840FD6}.AppStore|iPhoneSimulator.ActiveCfg = Release|Any CPU
		{7B6A5EC1-1740-4366-9FD0-B8C125840FD6}.AppStore|iPhoneSimulator.Build.0 = Release|Any CPU
		{7B6A5EC1-1740-4366-9FD0-B8C125840FD6}.AppStore|x64.ActiveCfg = Release|Any CPU
		{7B6A5EC1-1740-4366-9FD0-B8C125840FD6}.AppStore|x64.Build.0 = Release|Any CPU
		{7B6A5EC1-1740-4366-9FD0-B8C125840FD6}.AppStore|x86.ActiveCfg = Release|Any CPU
		{7B6A5EC1-1740-4366-9FD0-B8C125840FD6}.AppStore|x86.Build.0 = Release|Any CPU
		{7B6A5EC1-1740-4366-9FD0-B8C125840FD6}.Debug|Any CPU.ActiveCfg = Debug|Any CPU
		{7B6A5EC1-1740-4366-9FD0-B8C125840FD6}.Debug|Any CPU.Build.0 = Debug|Any CPU
		{7B6A5EC1-1740-4366-9FD0-B8C125840FD6}.Debug|ARM.ActiveCfg = Debug|Any CPU
		{7B6A5EC1-1740-4366-9FD0-B8C125840FD6}.Debug|ARM.Build.0 = Debug|Any CPU
		{7B6A5EC1-1740-4366-9FD0-B8C125840FD6}.Debug|iPhone.ActiveCfg = Debug|Any CPU
		{7B6A5EC1-1740-4366-9FD0-B8C125840FD6}.Debug|iPhone.Build.0 = Debug|Any CPU
		{7B6A5EC1-1740-4366-9FD0-B8C125840FD6}.Debug|iPhoneSimulator.ActiveCfg = Debug|Any CPU
		{7B6A5EC1-1740-4366-9FD0-B8C125840FD6}.Debug|iPhoneSimulator.Build.0 = Debug|Any CPU
		{7B6A5EC1-1740-4366-9FD0-B8C125840FD6}.Debug|x64.ActiveCfg = Debug|Any CPU
		{7B6A5EC1-1740-4366-9FD0-B8C125840FD6}.Debug|x64.Build.0 = Debug|Any CPU
		{7B6A5EC1-1740-4366-9FD0-B8C125840FD6}.Debug|x86.ActiveCfg = Debug|Any CPU
		{7B6A5EC1-1740-4366-9FD0-B8C125840FD6}.Debug|x86.Build.0 = Debug|Any CPU
		{7B6A5EC1-1740-4366-9FD0-B8C125840FD6}.Release|Any CPU.ActiveCfg = Release|Any CPU
		{7B6A5EC1-1740-4366-9FD0-B8C125840FD6}.Release|Any CPU.Build.0 = Release|Any CPU
		{7B6A5EC1-1740-4366-9FD0-B8C125840FD6}.Release|ARM.ActiveCfg = Release|Any CPU
		{7B6A5EC1-1740-4366-9FD0-B8C125840FD6}.Release|ARM.Build.0 = Release|Any CPU
		{7B6A5EC1-1740-4366-9FD0-B8C125840FD6}.Release|iPhone.ActiveCfg = Release|Any CPU
		{7B6A5EC1-1740-4366-9FD0-B8C125840FD6}.Release|iPhone.Build.0 = Release|Any CPU
		{7B6A5EC1-1740-4366-9FD0-B8C125840FD6}.Release|iPhoneSimulator.ActiveCfg = Release|Any CPU
		{7B6A5EC1-1740-4366-9FD0-B8C125840FD6}.Release|iPhoneSimulator.Build.0 = Release|Any CPU
		{7B6A5EC1-1740-4366-9FD0-B8C125840FD6}.Release|x64.ActiveCfg = Release|Any CPU
		{7B6A5EC1-1740-4366-9FD0-B8C125840FD6}.Release|x64.Build.0 = Release|Any CPU
		{7B6A5EC1-1740-4366-9FD0-B8C125840FD6}.Release|x86.ActiveCfg = Release|Any CPU
		{7B6A5EC1-1740-4366-9FD0-B8C125840FD6}.Release|x86.Build.0 = Release|Any CPU
		{CD1FF0B3-7E21-462B-9302-15E84996D9F9}.Ad-Hoc|Any CPU.ActiveCfg = Release|x86
		{CD1FF0B3-7E21-462B-9302-15E84996D9F9}.Ad-Hoc|Any CPU.Build.0 = Release|x86
		{CD1FF0B3-7E21-462B-9302-15E84996D9F9}.Ad-Hoc|Any CPU.Deploy.0 = Release|x86
		{CD1FF0B3-7E21-462B-9302-15E84996D9F9}.Ad-Hoc|ARM.ActiveCfg = Release|ARM
		{CD1FF0B3-7E21-462B-9302-15E84996D9F9}.Ad-Hoc|ARM.Build.0 = Release|ARM
		{CD1FF0B3-7E21-462B-9302-15E84996D9F9}.Ad-Hoc|ARM.Deploy.0 = Release|ARM
		{CD1FF0B3-7E21-462B-9302-15E84996D9F9}.Ad-Hoc|iPhone.ActiveCfg = Release|x86
		{CD1FF0B3-7E21-462B-9302-15E84996D9F9}.Ad-Hoc|iPhone.Build.0 = Release|x86
		{CD1FF0B3-7E21-462B-9302-15E84996D9F9}.Ad-Hoc|iPhone.Deploy.0 = Release|x86
		{CD1FF0B3-7E21-462B-9302-15E84996D9F9}.Ad-Hoc|iPhoneSimulator.ActiveCfg = Release|x86
		{CD1FF0B3-7E21-462B-9302-15E84996D9F9}.Ad-Hoc|iPhoneSimulator.Build.0 = Release|x86
		{CD1FF0B3-7E21-462B-9302-15E84996D9F9}.Ad-Hoc|iPhoneSimulator.Deploy.0 = Release|x86
		{CD1FF0B3-7E21-462B-9302-15E84996D9F9}.Ad-Hoc|x64.ActiveCfg = Release|x64
		{CD1FF0B3-7E21-462B-9302-15E84996D9F9}.Ad-Hoc|x64.Build.0 = Release|x64
		{CD1FF0B3-7E21-462B-9302-15E84996D9F9}.Ad-Hoc|x64.Deploy.0 = Release|x64
		{CD1FF0B3-7E21-462B-9302-15E84996D9F9}.Ad-Hoc|x86.ActiveCfg = Release|x86
		{CD1FF0B3-7E21-462B-9302-15E84996D9F9}.Ad-Hoc|x86.Build.0 = Release|x86
		{CD1FF0B3-7E21-462B-9302-15E84996D9F9}.Ad-Hoc|x86.Deploy.0 = Release|x86
		{CD1FF0B3-7E21-462B-9302-15E84996D9F9}.AppStore|Any CPU.ActiveCfg = Release|x86
		{CD1FF0B3-7E21-462B-9302-15E84996D9F9}.AppStore|Any CPU.Build.0 = Release|x86
		{CD1FF0B3-7E21-462B-9302-15E84996D9F9}.AppStore|Any CPU.Deploy.0 = Release|x86
		{CD1FF0B3-7E21-462B-9302-15E84996D9F9}.AppStore|ARM.ActiveCfg = Release|ARM
		{CD1FF0B3-7E21-462B-9302-15E84996D9F9}.AppStore|ARM.Build.0 = Release|ARM
		{CD1FF0B3-7E21-462B-9302-15E84996D9F9}.AppStore|ARM.Deploy.0 = Release|ARM
		{CD1FF0B3-7E21-462B-9302-15E84996D9F9}.AppStore|iPhone.ActiveCfg = Release|x86
		{CD1FF0B3-7E21-462B-9302-15E84996D9F9}.AppStore|iPhone.Build.0 = Release|x86
		{CD1FF0B3-7E21-462B-9302-15E84996D9F9}.AppStore|iPhone.Deploy.0 = Release|x86
		{CD1FF0B3-7E21-462B-9302-15E84996D9F9}.AppStore|iPhoneSimulator.ActiveCfg = Release|x86
		{CD1FF0B3-7E21-462B-9302-15E84996D9F9}.AppStore|iPhoneSimulator.Build.0 = Release|x86
		{CD1FF0B3-7E21-462B-9302-15E84996D9F9}.AppStore|iPhoneSimulator.Deploy.0 = Release|x86
		{CD1FF0B3-7E21-462B-9302-15E84996D9F9}.AppStore|x64.ActiveCfg = Release|x64
		{CD1FF0B3-7E21-462B-9302-15E84996D9F9}.AppStore|x64.Build.0 = Release|x64
		{CD1FF0B3-7E21-462B-9302-15E84996D9F9}.AppStore|x64.Deploy.0 = Release|x64
		{CD1FF0B3-7E21-462B-9302-15E84996D9F9}.AppStore|x86.ActiveCfg = Release|x86
		{CD1FF0B3-7E21-462B-9302-15E84996D9F9}.AppStore|x86.Build.0 = Release|x86
		{CD1FF0B3-7E21-462B-9302-15E84996D9F9}.AppStore|x86.Deploy.0 = Release|x86
		{CD1FF0B3-7E21-462B-9302-15E84996D9F9}.Debug|Any CPU.ActiveCfg = Debug|x86
		{CD1FF0B3-7E21-462B-9302-15E84996D9F9}.Debug|ARM.ActiveCfg = Debug|ARM
		{CD1FF0B3-7E21-462B-9302-15E84996D9F9}.Debug|ARM.Build.0 = Debug|ARM
		{CD1FF0B3-7E21-462B-9302-15E84996D9F9}.Debug|ARM.Deploy.0 = Debug|ARM
		{CD1FF0B3-7E21-462B-9302-15E84996D9F9}.Debug|iPhone.ActiveCfg = Debug|x86
		{CD1FF0B3-7E21-462B-9302-15E84996D9F9}.Debug|iPhoneSimulator.ActiveCfg = Debug|x86
		{CD1FF0B3-7E21-462B-9302-15E84996D9F9}.Debug|x64.ActiveCfg = Debug|x64
		{CD1FF0B3-7E21-462B-9302-15E84996D9F9}.Debug|x64.Build.0 = Debug|x64
		{CD1FF0B3-7E21-462B-9302-15E84996D9F9}.Debug|x64.Deploy.0 = Debug|x64
		{CD1FF0B3-7E21-462B-9302-15E84996D9F9}.Debug|x86.ActiveCfg = Debug|x86
		{CD1FF0B3-7E21-462B-9302-15E84996D9F9}.Debug|x86.Build.0 = Debug|x86
		{CD1FF0B3-7E21-462B-9302-15E84996D9F9}.Debug|x86.Deploy.0 = Debug|x86
		{CD1FF0B3-7E21-462B-9302-15E84996D9F9}.Release|Any CPU.ActiveCfg = Release|x86
		{CD1FF0B3-7E21-462B-9302-15E84996D9F9}.Release|ARM.ActiveCfg = Release|ARM
		{CD1FF0B3-7E21-462B-9302-15E84996D9F9}.Release|ARM.Build.0 = Release|ARM
		{CD1FF0B3-7E21-462B-9302-15E84996D9F9}.Release|ARM.Deploy.0 = Release|ARM
		{CD1FF0B3-7E21-462B-9302-15E84996D9F9}.Release|iPhone.ActiveCfg = Release|x86
		{CD1FF0B3-7E21-462B-9302-15E84996D9F9}.Release|iPhoneSimulator.ActiveCfg = Release|x86
		{CD1FF0B3-7E21-462B-9302-15E84996D9F9}.Release|x64.ActiveCfg = Release|x64
		{CD1FF0B3-7E21-462B-9302-15E84996D9F9}.Release|x64.Build.0 = Release|x64
		{CD1FF0B3-7E21-462B-9302-15E84996D9F9}.Release|x64.Deploy.0 = Release|x64
		{CD1FF0B3-7E21-462B-9302-15E84996D9F9}.Release|x86.ActiveCfg = Release|x86
		{CD1FF0B3-7E21-462B-9302-15E84996D9F9}.Release|x86.Build.0 = Release|x86
		{CD1FF0B3-7E21-462B-9302-15E84996D9F9}.Release|x86.Deploy.0 = Release|x86
	EndGlobalSection
	GlobalSection(SolutionProperties) = preSolution
		HideSolutionNode = FALSE
	EndGlobalSection
EndGlobal
